
Microsoft Visual Studio Solution File, Format Version 12.00
# Visual Studio Version 17
VisualStudioVersion = 17.2.32616.157
MinimumVisualStudioVersion = 10.0.40219.1
Project("{FAE04EC0-301F-11D3-BF4B-00C04F79EFBC}") = "AddressBook_Multithreading", "AddressBook_Multithreading.csproj", "{BCF0BB4E-85D8-4F69-8D7F-1526CE19AA79}"
EndProject
Project("{FAE04EC0-301F-11D3-BF4B-00C04F79EFBC}") = "AddressBookTest", "..\AddressBookTest\AddressBookTest.csproj", "{F9968A85-5308-4562-8E75-FC74245D73AE}"
EndProject
Global
	GlobalSection(SolutionConfigurationPlatforms) = preSolution
		Debug|Any CPU = Debug|Any CPU
		Release|Any CPU = Release|Any CPU
	EndGlobalSection
	GlobalSection(ProjectConfigurationPlatforms) = postSolution
		{BCF0BB4E-85D8-4F69-8D7F-1526CE19AA79}.Debug|Any CPU.ActiveCfg = Debug|Any CPU
		{BCF0BB4E-85D8-4F69-8D7F-1526CE19AA79}.Debug|Any CPU.Build.0 = Debug|Any CPU
		{BCF0BB4E-85D8-4F69-8D7F-1526CE19AA79}.Release|Any CPU.ActiveCfg = Release|Any CPU
		{BCF0BB4E-85D8-4F69-8D7F-1526CE19AA79}.Release|Any CPU.Build.0 = Release|Any CPU
		{F9968A85-5308-4562-8E75-FC74245D73AE}.Debug|Any CPU.ActiveCfg = Debug|Any CPU
		{F9968A85-5308-4562-8E75-FC74245D73AE}.Debug|Any CPU.Build.0 = Debug|Any CPU
		{F9968A85-5308-4562-8E75-FC74245D73AE}.Release|Any CPU.ActiveCfg = Release|Any CPU
		{F9968A85-5308-4562-8E75-FC74245D73AE}.Release|Any CPU.Build.0 = Release|Any CPU
	EndGlobalSection
	GlobalSection(SolutionProperties) = preSolution
		HideSolutionNode = FALSE
	EndGlobalSection
	GlobalSection(ExtensibilityGlobals) = postSolution
		SolutionGuid = {430AAA91-51AF-4EA4-B4F0-1E0FC4A2919A}
	EndGlobalSection
EndGlobal
